
Microsoft Visual Studio Solution File, Format Version 12.00
# Visual Studio 15
VisualStudioVersion = 15.0.28010.2003
MinimumVisualStudioVersion = 10.0.40219.1
Project("{FAE04EC0-301F-11D3-BF4B-00C04F79EFBC}") = "MiniGames", "MiniGames\MiniGames.csproj", "{B7457F8B-491E-408A-99AD-A7C92A8F0634}"
EndProject
Project("{FAE04EC0-301F-11D3-BF4B-00C04F79EFBC}") = "UnitTestMiniGames", "UnitTestMiniGames\UnitTestMiniGames.csproj", "{4147894D-3797-4AAA-9DB3-0F09D61B8278}"
EndProject
Global
	GlobalSection(SolutionConfigurationPlatforms) = preSolution
		Debug|Any CPU = Debug|Any CPU
		Release|Any CPU = Release|Any CPU
	EndGlobalSection
	GlobalSection(ProjectConfigurationPlatforms) = postSolution
		{B7457F8B-491E-408A-99AD-A7C92A8F0634}.Debug|Any CPU.ActiveCfg = Debug|Any CPU
		{B7457F8B-491E-408A-99AD-A7C92A8F0634}.Debug|Any CPU.Build.0 = Debug|Any CPU
		{B7457F8B-491E-408A-99AD-A7C92A8F0634}.Release|Any CPU.ActiveCfg = Release|Any CPU
		{B7457F8B-491E-408A-99AD-A7C92A8F0634}.Release|Any CPU.Build.0 = Release|Any CPU
		{4147894D-3797-4AAA-9DB3-0F09D61B8278}.Debug|Any CPU.ActiveCfg = Debug|Any CPU
		{4147894D-3797-4AAA-9DB3-0F09D61B8278}.Debug|Any CPU.Build.0 = Debug|Any CPU
		{4147894D-3797-4AAA-9DB3-0F09D61B8278}.Release|Any CPU.ActiveCfg = Release|Any CPU
		{4147894D-3797-4AAA-9DB3-0F09D61B8278}.Release|Any CPU.Build.0 = Release|Any CPU
	EndGlobalSection
	GlobalSection(SolutionProperties) = preSolution
		HideSolutionNode = FALSE
	EndGlobalSection
	GlobalSection(ExtensibilityGlobals) = postSolution
		SolutionGuid = {30C445AC-5F67-41CF-8C76-1267DF7B9DDB}
	EndGlobalSection
EndGlobal
